
Microsoft Visual Studio Solution File, Format Version 12.00
# Visual Studio Version 16
VisualStudioVersion = 16.0.31515.178
MinimumVisualStudioVersion = 10.0.40219.1
Project("{2150E333-8FDC-42A3-9474-1A3956D46DE8}") = "src", "src", "{9186CE34-61F4-4096-A71B-B153B0A29FCD}"
EndProject
Project("{2150E333-8FDC-42A3-9474-1A3956D46DE8}") = "tests", "tests", "{16F2AE78-84E6-4879-AA50-F0E3192A8ADE}"
EndProject
Project("{FAE04EC0-301F-11D3-BF4B-00C04F79EFBC}") = "DomainTest", "tests\DomainTest\DomainTest.csproj", "{403256A8-76A4-47C6-8F98-9846405FA730}"
EndProject
Project("{FAE04EC0-301F-11D3-BF4B-00C04F79EFBC}") = "Domain", "Domain\Domain.csproj", "{717434A1-FE21-4B9E-B6D6-096CD21193BE}"
EndProject
Global
	GlobalSection(SolutionConfigurationPlatforms) = preSolution
		Debug|Any CPU = Debug|Any CPU
		Release|Any CPU = Release|Any CPU
	EndGlobalSection
	GlobalSection(ProjectConfigurationPlatforms) = postSolution
		{403256A8-76A4-47C6-8F98-9846405FA730}.Debug|Any CPU.ActiveCfg = Debug|Any CPU
		{403256A8-76A4-47C6-8F98-9846405FA730}.Debug|Any CPU.Build.0 = Debug|Any CPU
		{403256A8-76A4-47C6-8F98-9846405FA730}.Release|Any CPU.ActiveCfg = Release|Any CPU
		{403256A8-76A4-47C6-8F98-9846405FA730}.Release|Any CPU.Build.0 = Release|Any CPU
		{717434A1-FE21-4B9E-B6D6-096CD21193BE}.Debug|Any CPU.ActiveCfg = Debug|Any CPU
		{717434A1-FE21-4B9E-B6D6-096CD21193BE}.Debug|Any CPU.Build.0 = Debug|Any CPU
		{717434A1-FE21-4B9E-B6D6-096CD21193BE}.Release|Any CPU.ActiveCfg = Release|Any CPU
		{717434A1-FE21-4B9E-B6D6-096CD21193BE}.Release|Any CPU.Build.0 = Release|Any CPU
	EndGlobalSection
	GlobalSection(SolutionProperties) = preSolution
		HideSolutionNode = FALSE
	EndGlobalSection
	GlobalSection(NestedProjects) = preSolution
		{403256A8-76A4-47C6-8F98-9846405FA730} = {16F2AE78-84E6-4879-AA50-F0E3192A8ADE}
		{717434A1-FE21-4B9E-B6D6-096CD21193BE} = {9186CE34-61F4-4096-A71B-B153B0A29FCD}
	EndGlobalSection
	GlobalSection(ExtensibilityGlobals) = postSolution
		SolutionGuid = {7BBDFC97-8BBE-46F5-8754-FF40027FDFB4}
	EndGlobalSection
EndGlobal
